---
action: "lock"
do:
    iot:purpose: ":lock"
    value: true
header:
    zero: "{{ doer }} found nothing to lock"
    one: "{{ doer_is }} locking {{ count }} {{ thing }}"
    response: "{{ doer_is }} locking {{ count }} {{ things }}"
---
action: "lock"
do:
    iot:purpose: ":lock.true"
---
action: "unlock"
do:
    iot:purpose: ":lock"
    value: false
header:
    zero: "{{ doer }} found nothing to unlock"
    one: "{{ doer_is }} unlocking {{ count }} {{ thing }}"
    response: "{{ doer_is }} unlocking {{ count }} {{ things }}"
---
action: "unlock"
do:
    iot:purpose: ":lock.false"
